
Microsoft Visual Studio Solution File, Format Version 12.00
# Visual Studio Version 17
VisualStudioVersion = 17.4.33103.184
MinimumVisualStudioVersion = 10.0.40219.1
Project("{9A19103F-16F7-4668-BE54-9A1E7A4F7556}") = "MongoDB-Demo", "MongoDB-Demo\MongoDB-Demo.csproj", "{19155769-BEC9-44A9-906A-B647BE58F3F7}"
EndProject
Project("{FAE04EC0-301F-11D3-BF4B-00C04F79EFBC}") = "MongoDataAccess", "MongoDataAccess\MongoDataAccess.csproj", "{3F271574-896F-4D73-BAA5-9D292997F7FD}"
EndProject
Global
	GlobalSection(SolutionConfigurationPlatforms) = preSolution
		Debug|Any CPU = Debug|Any CPU
		Release|Any CPU = Release|Any CPU
	EndGlobalSection
	GlobalSection(ProjectConfigurationPlatforms) = postSolution
		{19155769-BEC9-44A9-906A-B647BE58F3F7}.Debug|Any CPU.ActiveCfg = Debug|Any CPU
		{19155769-BEC9-44A9-906A-B647BE58F3F7}.Debug|Any CPU.Build.0 = Debug|Any CPU
		{19155769-BEC9-44A9-906A-B647BE58F3F7}.Release|Any CPU.ActiveCfg = Release|Any CPU
		{19155769-BEC9-44A9-906A-B647BE58F3F7}.Release|Any CPU.Build.0 = Release|Any CPU
		{3F271574-896F-4D73-BAA5-9D292997F7FD}.Debug|Any CPU.ActiveCfg = Debug|Any CPU
		{3F271574-896F-4D73-BAA5-9D292997F7FD}.Debug|Any CPU.Build.0 = Debug|Any CPU
		{3F271574-896F-4D73-BAA5-9D292997F7FD}.Release|Any CPU.ActiveCfg = Release|Any CPU
		{3F271574-896F-4D73-BAA5-9D292997F7FD}.Release|Any CPU.Build.0 = Release|Any CPU
	EndGlobalSection
	GlobalSection(SolutionProperties) = preSolution
		HideSolutionNode = FALSE
	EndGlobalSection
	GlobalSection(ExtensibilityGlobals) = postSolution
		SolutionGuid = {FB76997F-0867-4696-B18F-FE302FFE36EB}
	EndGlobalSection
EndGlobal
